// !$*UTF8*$!
{
	archiveVersion = 1;
	classes = {
	};
	objectVersion = 46;
	objects = {

/* Begin PBXBuildFile section */
		578321381465A96F007CE0B7 /* UIKit.framework in Frameworks */ = {isa = PBXBuildFile; fileRef = 578321371465A96F007CE0B7 /* UIKit.framework */; };
		5783213A1465A96F007CE0B7 /* Foundation.framework in Frameworks */ = {isa = PBXBuildFile; fileRef = 578321391465A96F007CE0B7 /* Foundation.framework */; };
		5783213C1465A96F007CE0B7 /* CoreGraphics.framework in Frameworks */ = {isa = PBXBuildFile; fileRef = 5783213B1465A96F007CE0B7 /* CoreGraphics.framework */; };
		578321421465A96F007CE0B7 /* InfoPlist.strings in Resources */ = {isa = PBXBuildFile; fileRef = 578321401465A96F007CE0B7 /* InfoPlist.strings */; };
		578321441465A96F007CE0B7 /* main.m in Sources */ = {isa = PBXBuildFile; fileRef = 578321431465A96F007CE0B7 /* main.m */; };
		578321481465A96F007CE0B7 /* SKAppDelegate.m in Sources */ = {isa = PBXBuildFile; fileRef = 578321471465A96F007CE0B7 /* SKAppDelegate.m */; };
		578321501465A96F007CE0B7 /* SenTestingKit.framework in Frameworks */ = {isa = PBXBuildFile; fileRef = 5783214F1465A96F007CE0B7 /* SenTestingKit.framework */; };
		578321511465A96F007CE0B7 /* UIKit.framework in Frameworks */ = {isa = PBXBuildFile; fileRef = 578321371465A96F007CE0B7 /* UIKit.framework */; };
		578321521465A96F007CE0B7 /* Foundation.framework in Frameworks */ = {isa = PBXBuildFile; fileRef = 578321391465A96F007CE0B7 /* Foundation.framework */; };
		5783215A1465A970007CE0B7 /* InfoPlist.strings in Resources */ = {isa = PBXBuildFile; fileRef = 578321581465A970007CE0B7 /* InfoPlist.strings */; };
		5783215D1465A970007CE0B7 /* MetricalConventerTests.m in Sources */ = {isa = PBXBuildFile; fileRef = 5783215C1465A970007CE0B7 /* MetricalConventerTests.m */; };
/* End PBXBuildFile section */

/* Begin PBXContainerItemProxy section */
		578321531465A96F007CE0B7 /* PBXContainerItemProxy */ = {
			isa = PBXContainerItemProxy;
			containerPortal = 5783212A1465A96F007CE0B7 /* Project object */;
			proxyType = 1;
			remoteGlobalIDString = 578321321465A96F007CE0B7;
			remoteInfo = MetricalConventer;
		};
/* End PBXContainerItemProxy section */

/* Begin PBXFileReference section */
		578321331465A96F007CE0B7 /* MetricalConventer.app */ = {isa = PBXFileReference; explicitFileType = wrapper.application; includeInIndex = 0; path = MetricalConventer.app; sourceTree = BUILT_PRODUCTS_DIR; };
		578321371465A96F007CE0B7 /* UIKit.framework */ = {isa = PBXFileReference; lastKnownFileType = wrapper.framework; name = UIKit.framework; path = System/Library/Frameworks/UIKit.framework; sourceTree = SDKROOT; };
		578321391465A96F007CE0B7 /* Foundation.framework */ = {isa = PBXFileReference; lastKnownFileType = wrapper.framework; name = Foundation.framework; path = System/Library/Frameworks/Foundation.framework; sourceTree = SDKROOT; };
		5783213B1465A96F007CE0B7 /* CoreGraphics.framework */ = {isa = PBXFileReference; lastKnownFileType = wrapper.framework; name = CoreGraphics.framework; path = System/Library/Frameworks/CoreGraphics.framework; sourceTree = SDKROOT; };
		5783213F1465A96F007CE0B7 /* MetricalConventer-Info.plist */ = {isa = PBXFileReference; path = "MetricalConventer-Info.plist"; sourceTree = "<group>"; };
		578321411465A96F007CE0B7 /* en */ = {isa = PBXFileReference; lastKnownFileType = text.plist.strings; name = en; path = en.lproj/InfoPlist.strings; sourceTree = "<group>"; };
		578321431465A96F007CE0B7 /* main.m */ = {isa = PBXFileReference; lastKnownFileType = sourcecode.c.objc; path = main.m; sourceTree = "<group>"; };
		578321451465A96F007CE0B7 /* MetricalConventer-Prefix.pch */ = {isa = PBXFileReference; path = "MetricalConventer-Prefix.pch"; sourceTree = "<group>"; };
		578321461465A96F007CE0B7 /* SKAppDelegate.h */ = {isa = PBXFileReference; path = SKAppDelegate.h; sourceTree = "<group>"; };
		578321471465A96F007CE0B7 /* SKAppDelegate.m */ = {isa = PBXFileReference; lastKnownFileType = sourcecode.c.objc; path = SKAppDelegate.m; sourceTree = "<group>"; };
		5783214E1465A96F007CE0B7 /* MetricalConventerTests.octest */ = {isa = PBXFileReference; explicitFileType = wrapper.cfbundle; includeInIndex = 0; path = MetricalConventerTests.octest; sourceTree = BUILT_PRODUCTS_DIR; };
		5783214F1465A96F007CE0B7 /* SenTestingKit.framework */ = {isa = PBXFileReference; lastKnownFileType = wrapper.framework; name = SenTestingKit.framework; path = Library/Frameworks/SenTestingKit.framework; sourceTree = DEVELOPER_DIR; };
		578321571465A970007CE0B7 /* MetricalConventerTests-Info.plist */ = {isa = PBXFileReference; path = "MetricalConventerTests-Info.plist"; sourceTree = "<group>"; };
		578321591465A970007CE0B7 /* en */ = {isa = PBXFileReference; lastKnownFileType = text.plist.strings; name = en; path = en.lproj/InfoPlist.strings; sourceTree = "<group>"; };
		5783215B1465A970007CE0B7 /* MetricalConventerTests.h */ = {isa = PBXFileReference; path = MetricalConventerTests.h; sourceTree = "<group>"; };
		5783215C1465A970007CE0B7 /* MetricalConventerTests.m */ = {isa = PBXFileReference; lastKnownFileType = sourcecode.c.objc; path = MetricalConventerTests.m; sourceTree = "<group>"; };
/* End PBXFileReference section */

/* Begin PBXFrameworksBuildPhase section */
		578321301465A96F007CE0B7 /* Frameworks */ = {
			isa = PBXFrameworksBuildPhase;
			buildActionMask = 2147483647;
			files = (
				578321381465A96F007CE0B7 /* UIKit.framework in Frameworks */,
				5783213A1465A96F007CE0B7 /* Foundation.framework in Frameworks */,
				5783213C1465A96F007CE0B7 /* CoreGraphics.framework in Frameworks */,
			);
			runOnlyForDeploymentPostprocessing = 0;
		};
		5783214A1465A96F007CE0B7 /* Frameworks */ = {
			isa = PBXFrameworksBuildPhase;
			buildActionMask = 2147483647;
			files = (
				578321501465A96F007CE0B7 /* SenTestingKit.framework in Frameworks */,
				578321511465A96F007CE0B7 /* UIKit.framework in Frameworks */,
				578321521465A96F007CE0B7 /* Foundation.framework in Frameworks */,
			);
			runOnlyForDeploymentPostprocessing = 0;
		};
/* End PBXFrameworksBuildPhase section */

/* Begin PBXGroup section */
		578321281465A96F007CE0B7 = {
			isa = PBXGroup;
			children = (
				5783213D1465A96F007CE0B7 /* MetricalConventer */,
				578321551465A96F007CE0B7 /* MetricalConventerTests */,
				578321361465A96F007CE0B7 /* Frameworks */,
				578321341465A96F007CE0B7 /* Products */,
			);
			sourceTree = "<group>";
		};
		578321341465A96F007CE0B7 /* Products */ = {
			isa = PBXGroup;
			children = (
				578321331465A96F007CE0B7 /* MetricalConventer.app */,
				5783214E1465A96F007CE0B7 /* MetricalConventerTests.octest */,
			);
			name = Products;
			sourceTree = "<group>";
		};
		578321361465A96F007CE0B7 /* Frameworks */ = {
			isa = PBXGroup;
			children = (
				578321371465A96F007CE0B7 /* UIKit.framework */,
				578321391465A96F007CE0B7 /* Foundation.framework */,
				5783213B1465A96F007CE0B7 /* CoreGraphics.framework */,
				5783214F1465A96F007CE0B7 /* SenTestingKit.framework */,
			);
			name = Frameworks;
			sourceTree = "<group>";
		};
		5783213D1465A96F007CE0B7 /* MetricalConventer */ = {
			isa = PBXGroup;
			children = (
				578321461465A96F007CE0B7 /* SKAppDelegate.h */,
				578321471465A96F007CE0B7 /* SKAppDelegate.m */,
				5783213E1465A96F007CE0B7 /* Supporting Files */,
			);
			path = MetricalConventer;
			sourceTree = "<group>";
		};
		5783213E1465A96F007CE0B7 /* Supporting Files */ = {
			isa = PBXGroup;
			children = (
				5783213F1465A96F007CE0B7 /* MetricalConventer-Info.plist */,
				578321401465A96F007CE0B7 /* InfoPlist.strings */,
				578321431465A96F007CE0B7 /* main.m */,
				578321451465A96F007CE0B7 /* MetricalConventer-Prefix.pch */,
			);
			name = "Supporting Files";
			sourceTree = "<group>";
		};
		578321551465A96F007CE0B7 /* MetricalConventerTests */ = {
			isa = PBXGroup;
			children = (
				5783215B1465A970007CE0B7 /* MetricalConventerTests.h */,
				5783215C1465A970007CE0B7 /* MetricalConventerTests.m */,
				578321561465A96F007CE0B7 /* Supporting Files */,
			);
			path = MetricalConventerTests;
			sourceTree = "<group>";
		};
		578321561465A96F007CE0B7 /* Supporting Files */ = {
			isa = PBXGroup;
			children = (
				578321571465A970007CE0B7 /* MetricalConventerTests-Info.plist */,
				578321581465A970007CE0B7 /* InfoPlist.strings */,
			);
			name = "Supporting Files";
			sourceTree = "<group>";
		};
/* End PBXGroup section */

/* Begin PBXNativeTarget section */
		578321321465A96F007CE0B7 /* MetricalConventer */ = {
			isa = PBXNativeTarget;
			buildConfigurationList = 578321601465A970007CE0B7 /* Build configuration list for PBXNativeTarget "MetricalConventer" */;
			buildPhases = (
				5783212F1465A96F007CE0B7 /* Sources */,
				578321301465A96F007CE0B7 /* Frameworks */,
				578321311465A96F007CE0B7 /* Resources */,
			);
			buildRules = (
			);
			dependencies = (
			);
			name = MetricalConventer;
			productName = MetricalConventer;
			productReference = 578321331465A96F007CE0B7 /* MetricalConventer.app */;
			productType = "com.apple.product-type.application";
		};
		5783214D1465A96F007CE0B7 /* MetricalConventerTests */ = {
			isa = PBXNativeTarget;
			buildConfigurationList = 578321631465A970007CE0B7 /* Build configuration list for PBXNativeTarget "MetricalConventerTests" */;
			buildPhases = (
				578321491465A96F007CE0B7 /* Sources */,
				5783214A1465A96F007CE0B7 /* Frameworks */,
				5783214B1465A96F007CE0B7 /* Resources */,
				5783214C1465A96F007CE0B7 /* ShellScript */,
			);
			buildRules = (
			);
			dependencies = (
				578321541465A96F007CE0B7 /* PBXTargetDependency */,
			);
			name = MetricalConventerTests;
			productName = MetricalConventerTests;
			productReference = 5783214E1465A96F007CE0B7 /* MetricalConventerTests.octest */;
			productType = "com.apple.product-type.bundle";
		};
/* End PBXNativeTarget section */

/* Begin PBXProject section */
		5783212A1465A96F007CE0B7 /* Project object */ = {
			isa = PBXProject;
			attributes = {
				LastUpgradeCheck = 0420;
			};
			buildConfigurationList = 5783212D1465A96F007CE0B7 /* Build configuration list for PBXProject "MetricalConventer" */;
			compatibilityVersion = "Xcode 3.2";
			developmentRegion = English;
			hasScannedForEncodings = 0;
			knownRegions = (
				en,
			);
			mainGroup = 578321281465A96F007CE0B7;
			productRefGroup = 578321341465A96F007CE0B7 /* Products */;
			projectDirPath = "";
			projectRoot = "";
			targets = (
				578321321465A96F007CE0B7 /* MetricalConventer */,
				5783214D1465A96F007CE0B7 /* MetricalConventerTests */,
			);
		};
/* End PBXProject section */

/* Begin PBXResourcesBuildPhase section */
		578321311465A96F007CE0B7 /* Resources */ = {
			isa = PBXResourcesBuildPhase;
			buildActionMask = 2147483647;
			files = (
				578321421465A96F007CE0B7 /* InfoPlist.strings in Resources */,
			);
			runOnlyForDeploymentPostprocessing = 0;
		};
		5783214B1465A96F007CE0B7 /* Resources */ = {
			isa = PBXResourcesBuildPhase;
			buildActionMask = 2147483647;
			files = (
				5783215A1465A970007CE0B7 /* InfoPlist.strings in Resources */,
			);
			runOnlyForDeploymentPostprocessing = 0;
		};
/* End PBXResourcesBuildPhase section */

/* Begin PBXShellScriptBuildPhase section */
		5783214C1465A96F007CE0B7 /* ShellScript */ = {
			isa = PBXShellScriptBuildPhase;
			buildActionMask = 2147483647;
			files = (
			);
			inputPaths = (
			);
			outputPaths = (
			);
			runOnlyForDeploymentPostprocessing = 0;
			shellPath = /bin/sh;
			shellScript = "# Run the unit tests in this test bundle.\n\"${SYSTEM_DEVELOPER_DIR}/Tools/RunUnitTests\"\n";
		};
/* End PBXShellScriptBuildPhase section */

/* Begin PBXSourcesBuildPhase section */
		5783212F1465A96F007CE0B7 /* Sources */ = {
			isa = PBXSourcesBuildPhase;
			buildActionMask = 2147483647;
			files = (
				578321441465A96F007CE0B7 /* main.m in Sources */,
				578321481465A96F007CE0B7 /* SKAppDelegate.m in Sources */,
			);
			runOnlyForDeploymentPostprocessing = 0;
		};
		578321491465A96F007CE0B7 /* Sources */ = {
			isa = PBXSourcesBuildPhase;
			buildActionMask = 2147483647;
			files = (
				5783215D1465A970007CE0B7 /* MetricalConventerTests.m in Sources */,
			);
			runOnlyForDeploymentPostprocessing = 0;
		};
/* End PBXSourcesBuildPhase section */

/* Begin PBXTargetDependency section */
		578321541465A96F007CE0B7 /* PBXTargetDependency */ = {
			isa = PBXTargetDependency;
			target = 578321321465A96F007CE0B7 /* MetricalConventer */;
			targetProxy = 578321531465A96F007CE0B7 /* PBXContainerItemProxy */;
		};
/* End PBXTargetDependency section */

/* Begin PBXVariantGroup section */
		578321401465A96F007CE0B7 /* InfoPlist.strings */ = {
			isa = PBXVariantGroup;
			children = (
				578321411465A96F007CE0B7 /* en */,
			);
			name = InfoPlist.strings;
			sourceTree = "<group>";
		};
		578321581465A970007CE0B7 /* InfoPlist.strings */ = {
			isa = PBXVariantGroup;
			children = (
				578321591465A970007CE0B7 /* en */,
			);
			name = InfoPlist.strings;
			sourceTree = "<group>";
		};
/* End PBXVariantGroup section */

/* Begin XCBuildConfiguration section */
		5783215E1465A970007CE0B7 /* Debug */ = {
			isa = XCBuildConfiguration;
			buildSettings = {
				ALWAYS_SEARCH_USER_PATHS = NO;
				ARCHS = "$(ARCHS_STANDARD_32_BIT)";
				CLANG_ENABLE_OBJC_ARC = YES;
				"CODE_SIGN_IDENTITY[sdk=iphoneos*]" = "iPhone Developer";
				COPY_PHASE_STRIP = NO;
				GCC_C_LANGUAGE_STANDARD = gnu99;
				GCC_DYNAMIC_NO_PIC = NO;
				GCC_OPTIMIZATION_LEVEL = 0;
				GCC_PREPROCESSOR_DEFINITIONS = (
					"DEBUG=1",
					"$(inherited)",
				);
				GCC_SYMBOLS_PRIVATE_EXTERN = NO;
				GCC_VERSION = com.apple.compilers.llvm.clang.1_0;
				GCC_WARN_ABOUT_MISSING_PROTOTYPES = YES;
				GCC_WARN_ABOUT_RETURN_TYPE = YES;
				GCC_WARN_UNUSED_VARIABLE = YES;
				IPHONEOS_DEPLOYMENT_TARGET = 5.0;
				SDKROOT = iphoneos;
				TARGETED_DEVICE_FAMILY = "1,2";
			};
			name = Debug;
		};
		5783215F1465A970007CE0B7 /* Release */ = {
			isa = XCBuildConfiguration;
			buildSettings = {
				ALWAYS_SEARCH_USER_PATHS = NO;
				ARCHS = "$(ARCHS_STANDARD_32_BIT)";
				CLANG_ENABLE_OBJC_ARC = YES;
				"CODE_SIGN_IDENTITY[sdk=iphoneos*]" = "iPhone Developer";
				COPY_PHASE_STRIP = YES;
				GCC_C_LANGUAGE_STANDARD = gnu99;
				GCC_VERSION = com.apple.compilers.llvm.clang.1_0;
				GCC_WARN_ABOUT_MISSING_PROTOTYPES = YES;
				GCC_WARN_ABOUT_RETURN_TYPE = YES;
				GCC_WARN_UNUSED_VARIABLE = YES;
				IPHONEOS_DEPLOYMENT_TARGET = 5.0;
				OTHER_CFLAGS = "-DNS_BLOCK_ASSERTIONS=1";
				SDKROOT = iphoneos;
				TARGETED_DEVICE_FAMILY = "1,2";
				VALIDATE_PRODUCT = YES;
			};
			name = Release;
		};
		578321611465A970007CE0B7 /* Debug */ = {
			isa = XCBuildConfiguration;
			buildSettings = {
				GCC_PRECOMPILE_PREFIX_HEADER = YES;
				GCC_PREFIX_HEADER = "MetricalConventer/MetricalConventer-Prefix.pch";
				INFOPLIST_FILE = "MetricalConventer/MetricalConventer-Info.plist";
				PRODUCT_NAME = "$(TARGET_NAME)";
				WRAPPER_EXTENSION = app;
			};
			name = Debug;
		};
		578321621465A970007CE0B7 /* Release */ = {
			isa = XCBuildConfiguration;
			buildSettings = {
				GCC_PRECOMPILE_PREFIX_HEADER = YES;
				GCC_PREFIX_HEADER = "MetricalConventer/MetricalConventer-Prefix.pch";
				INFOPLIST_FILE = "MetricalConventer/MetricalConventer-Info.plist";
				PRODUCT_NAME = "$(TARGET_NAME)";
				WRAPPER_EXTENSION = app;
			};
			name = Release;
		};
		578321641465A970007CE0B7 /* Debug */ = {
			isa = XCBuildConfiguration;
			buildSettings = {
				BUNDLE_LOADER = "$(BUILT_PRODUCTS_DIR)/MetricalConventer.app/MetricalConventer";
				FRAMEWORK_SEARCH_PATHS = (
					"$(SDKROOT)/Developer/Library/Frameworks",
					"$(DEVELOPER_LIBRARY_DIR)/Frameworks",
				);
				GCC_PRECOMPILE_PREFIX_HEADER = YES;
				GCC_PREFIX_HEADER = "MetricalConventer/MetricalConventer-Prefix.pch";
				INFOPLIST_FILE = "MetricalConventerTests/MetricalConventerTests-Info.plist";
				PRODUCT_NAME = "$(TARGET_NAME)";
				TEST_HOST = "$(BUNDLE_LOADER)";
				WRAPPER_EXTENSION = octest;
			};
			name = Debug;
		};
		578321651465A970007CE0B7 /* Release */ = {
			isa = XCBuildConfiguration;
			buildSettings = {
				BUNDLE_LOADER = "$(BUILT_PRODUCTS_DIR)/MetricalConventer.app/MetricalConventer";
				FRAMEWORK_SEARCH_PATHS = (
					"$(SDKROOT)/Developer/Library/Frameworks",
					"$(DEVELOPER_LIBRARY_DIR)/Frameworks",
				);
				GCC_PRECOMPILE_PREFIX_HEADER = YES;
				GCC_PREFIX_HEADER = "MetricalConventer/MetricalConventer-Prefix.pch";
				INFOPLIST_FILE = "MetricalConventerTests/MetricalConventerTests-Info.plist";
				PRODUCT_NAME = "$(TARGET_NAME)";
				TEST_HOST = "$(BUNDLE_LOADER)";
				WRAPPER_EXTENSION = octest;
			};
			name = Release;
		};
/* End XCBuildConfiguration section */

/* Begin XCConfigurationList section */
		5783212D1465A96F007CE0B7 /* Build configuration list for PBXProject "MetricalConventer" */ = {
			isa = XCConfigurationList;
			buildConfigurations = (
				5783215E1465A970007CE0B7 /* Debug */,
				5783215F1465A970007CE0B7 /* Release */,
			);
			defaultConfigurationIsVisible = 0;
			defaultConfigurationName = Release;
		};
		578321601465A970007CE0B7 /* Build configuration list for PBXNativeTarget "MetricalConventer" */ = {
			isa = XCConfigurationList;
			buildConfigurations = (
				578321611465A970007CE0B7 /* Debug */,
				578321621465A970007CE0B7 /* Release */,
			);
			defaultConfigurationIsVisible = 0;
		};
		578321631465A970007CE0B7 /* Build configuration list for PBXNativeTarget "MetricalConventerTests" */ = {
			isa = XCConfigurationList;
			buildConfigurations = (
				578321641465A970007CE0B7 /* Debug */,
				578321651465A970007CE0B7 /* Release */,
			);
			defaultConfigurationIsVisible = 0;
		};
/* End XCConfigurationList section */
	};
	rootObject = 5783212A1465A96F007CE0B7 /* Project object */;
}
